
Microsoft Visual Studio Solution File, Format Version 12.00
# Visual Studio Version 17
VisualStudioVersion = 17.5.33516.290
MinimumVisualStudioVersion = 10.0.40219.1
Project("{FAE04EC0-301F-11D3-BF4B-00C04F79EFBC}") = "PrimerParcial.Consola", "PrimerParcial.Consola\PrimerParcial.Consola.csproj", "{6CD999A0-F16A-40D2-9C30-194D4A522DB4}"
EndProject
Project("{FAE04EC0-301F-11D3-BF4B-00C04F79EFBC}") = "1stExam.Windows", "1stExam.Windows\1stExam.Windows.csproj", "{B330D3CD-87AE-4CB0-B90C-52DB73B06EB8}"
EndProject
Global
	GlobalSection(SolutionConfigurationPlatforms) = preSolution
		Debug|Any CPU = Debug|Any CPU
		Release|Any CPU = Release|Any CPU
	EndGlobalSection
	GlobalSection(ProjectConfigurationPlatforms) = postSolution
		{6CD999A0-F16A-40D2-9C30-194D4A522DB4}.Debug|Any CPU.ActiveCfg = Debug|Any CPU
		{6CD999A0-F16A-40D2-9C30-194D4A522DB4}.Debug|Any CPU.Build.0 = Debug|Any CPU
		{6CD999A0-F16A-40D2-9C30-194D4A522DB4}.Release|Any CPU.ActiveCfg = Release|Any CPU
		{6CD999A0-F16A-40D2-9C30-194D4A522DB4}.Release|Any CPU.Build.0 = Release|Any CPU
		{B330D3CD-87AE-4CB0-B90C-52DB73B06EB8}.Debug|Any CPU.ActiveCfg = Debug|Any CPU
		{B330D3CD-87AE-4CB0-B90C-52DB73B06EB8}.Debug|Any CPU.Build.0 = Debug|Any CPU
		{B330D3CD-87AE-4CB0-B90C-52DB73B06EB8}.Release|Any CPU.ActiveCfg = Release|Any CPU
		{B330D3CD-87AE-4CB0-B90C-52DB73B06EB8}.Release|Any CPU.Build.0 = Release|Any CPU
	EndGlobalSection
	GlobalSection(SolutionProperties) = preSolution
		HideSolutionNode = FALSE
	EndGlobalSection
	GlobalSection(ExtensibilityGlobals) = postSolution
		SolutionGuid = {DE77E019-6BF0-46A5-8154-AD3DE2D893B3}
	EndGlobalSection
EndGlobal
